PODS:
  - IQKeyboardManagerSwift (6.5.10)
  - Socket.IO-Client-Swift (15.2.0):
    - Starscream (~> 3.1)
  - Starscream (3.1.1)

DEPENDENCIES:
  - IQKeyboardManagerSwift
  - Socket.IO-Client-Swift

SPEC REPOS:
  trunk:
    - IQKeyboardManagerSwift
    - Socket.IO-Client-Swift
    - Starscream

SPEC CHECKSUMS:
  IQKeyboardManagerSwift: 52962c76ab33532f15ad9f3ff4e5715eda5335bb
  Socket.IO-Client-Swift: 1e3e3a1f09f3312a167f0d781eb2f383d477357c
  Starscream: 4bb2f9942274833f7b4d296a55504dcfc7edb7b0

PODFILE CHECKSUM: e400256898c3d7c0c9754e7303cc5540cfe08af9

COCOAPODS: 1.11.2
